
Microsoft Visual Studio Solution File, Format Version 12.00
# Visual Studio 14
VisualStudioVersion = 14.0.25420.1
MinimumVisualStudioVersion = 10.0.40219.1
Project("{2150E333-8FDC-42A3-9474-1A3956D46DE8}") = "src", "src", "{96864F37-97C4-4F8C-A876-9B4F83CA2BF7}"
EndProject
Project("{2150E333-8FDC-42A3-9474-1A3956D46DE8}") = "Solution Items", "Solution Items", "{9D864B04-65AF-48CC-B939-43123B054143}"
	ProjectSection(SolutionItems) = preProject
		global.json = global.json
	EndProjectSection
EndProject
Project("{8BB2217D-0F2D-49D1-97BC-3654ED321F3B}") = "ProjectDare", "src\ProjectDare\ProjectDare.xproj", "{1681A68E-1848-4F90-AD39-9FA058F1CAE1}"
EndProject
Global
	GlobalSection(SolutionConfigurationPlatforms) = preSolution
		Debug|Any CPU = Debug|Any CPU
		Release|Any CPU = Release|Any CPU
	EndGlobalSection
	GlobalSection(ProjectConfigurationPlatforms) = postSolution
		{1681A68E-1848-4F90-AD39-9FA058F1CAE1}.Debug|Any CPU.ActiveCfg = Debug|Any CPU
		{1681A68E-1848-4F90-AD39-9FA058F1CAE1}.Debug|Any CPU.Build.0 = Debug|Any CPU
		{1681A68E-1848-4F90-AD39-9FA058F1CAE1}.Release|Any CPU.ActiveCfg = Release|Any CPU
		{1681A68E-1848-4F90-AD39-9FA058F1CAE1}.Release|Any CPU.Build.0 = Release|Any CPU
	EndGlobalSection
	GlobalSection(SolutionProperties) = preSolution
		HideSolutionNode = FALSE
	EndGlobalSection
	GlobalSection(NestedProjects) = preSolution
		{1681A68E-1848-4F90-AD39-9FA058F1CAE1} = {96864F37-97C4-4F8C-A876-9B4F83CA2BF7}
	EndGlobalSection
EndGlobal
